
Microsoft Visual Studio Solution File, Format Version 12.00
# Visual Studio Version 16
VisualStudioVersion = 16.0.29709.97
MinimumVisualStudioVersion = 10.0.40219.1
Project("{FAE04EC0-301F-11D3-BF4B-00C04F79EFBC}") = "Deliverable_3_2_Methods", "Deliverable_3_2_Methods.csproj", "{A948B6A6-3F93-444A-AD67-DC85B330D525}"
EndProject
Global
	GlobalSection(SolutionConfigurationPlatforms) = preSolution
		Debug|Any CPU = Debug|Any CPU
		Release|Any CPU = Release|Any CPU
	EndGlobalSection
	GlobalSection(ProjectConfigurationPlatforms) = postSolution
		{A948B6A6-3F93-444A-AD67-DC85B330D525}.Debug|Any CPU.ActiveCfg = Debug|Any CPU
		{A948B6A6-3F93-444A-AD67-DC85B330D525}.Debug|Any CPU.Build.0 = Debug|Any CPU
		{A948B6A6-3F93-444A-AD67-DC85B330D525}.Release|Any CPU.ActiveCfg = Release|Any CPU
		{A948B6A6-3F93-444A-AD67-DC85B330D525}.Release|Any CPU.Build.0 = Release|Any CPU
	EndGlobalSection
	GlobalSection(SolutionProperties) = preSolution
		HideSolutionNode = FALSE
	EndGlobalSection
	GlobalSection(ExtensibilityGlobals) = postSolution
		SolutionGuid = {B1D995B8-344D-490A-A63A-5E48CEA5E19A}
	EndGlobalSection
EndGlobal
